// !$*UTF8*$!
{
	archiveVersion = 1;
	classes = {
	};
	objectVersion = 50;
	objects = {

/* Begin PBXBuildFile section */
		0BEBA0FE729099F1183D8B44 /* libPods-AIEnglishLearningJapaneseN1UITests.a in Frameworks */ = {isa = PBXBuildFile; fileRef = ADED57BFB7C6AEDB6BC3AA8B /* libPods-AIEnglishLearningJapaneseN1UITests.a */; };
		3F67EBD5895A0C9CDE5D132A /* libPods-AIEnglishLearningJapaneseN1Tests.a in Frameworks */ = {isa = PBXBuildFile; fileRef = B0FFBD3031CD1080E38DBC43 /* libPods-AIEnglishLearningJapaneseN1Tests.a */; };
		AFC0EBD88E4C96A740D120C8 /* libPods-AIEnglishLearningJapaneseN1.a in Frameworks */ = {isa = PBXBuildFile; fileRef = 5A56CFCF2B9E6CB3479F391D /* libPods-AIEnglishLearningJapaneseN1.a */; };
		D888DE42224088A100D4A84F /* AppDelegate.m in Sources */ = {isa = PBXBuildFile; fileRef = D888DE41224088A100D4A84F /* AppDelegate.m */; };
		D888DE4A224088A200D4A84F /* Assets.xcassets in Resources */ = {isa = PBXBuildFile; fileRef = D888DE49224088A200D4A84F /* Assets.xcassets */; };
		D888DE4D224088A200D4A84F /* LaunchScreen.storyboard in Resources */ = {isa = PBXBuildFile; fileRef = D888DE4B224088A200D4A84F /* LaunchScreen.storyboard */; };
		D888DE50224088A200D4A84F /* main.m in Sources */ = {isa = PBXBuildFile; fileRef = D888DE4F224088A200D4A84F /* main.m */; };
		D888DE5A224088A200D4A84F /* AIEnglishLearningJapaneseN1Tests.m in Sources */ = {isa = PBXBuildFile; fileRef = D888DE59224088A200D4A84F /* AIEnglishLearningJapaneseN1Tests.m */; };
		D888DE65224088A200D4A84F /* AIEnglishLearningJapaneseN1UITests.m in Sources */ = {isa = PBXBuildFile; fileRef = D888DE64224088A200D4A84F /* AIEnglishLearningJapaneseN1UITests.m */; };
		D888DE762240894700D4A84F /* AIEnglishLearningJapaneseStudyWordViewController.m in Sources */ = {isa = PBXBuildFile; fileRef = D888DE752240894700D4A84F /* AIEnglishLearningJapaneseStudyWordViewController.m */; };
		D888DE7C2240908C00D4A84F /* AIEnglishLearningJapaneseStudyWordCollectionViewCell.m in Sources */ = {isa = PBXBuildFile; fileRef = D888DE7A2240908C00D4A84F /* AIEnglishLearningJapaneseStudyWordCollectionViewCell.m */; };
		D888DE7D2240908C00D4A84F /* AIEnglishLearningJapaneseStudyWordCollectionViewCell.xib in Resources */ = {isa = PBXBuildFile; fileRef = D888DE7B2240908C00D4A84F /* AIEnglishLearningJapaneseStudyWordCollectionViewCell.xib */; };
		D888DE812240C36E00D4A84F /* AIEnglishLearningJapaneseStudyWordTableViewCell.m in Sources */ = {isa = PBXBuildFile; fileRef = D888DE7F2240C36E00D4A84F /* AIEnglishLearningJapaneseStudyWordTableViewCell.m */; };
		D888DE822240C36E00D4A84F /* AIEnglishLearningJapaneseStudyWordTableViewCell.xib in Resources */ = {isa = PBXBuildFile; fileRef = D888DE802240C36E00D4A84F /* AIEnglishLearningJapaneseStudyWordTableViewCell.xib */; };
		D888DE842241142200D4A84F /* AIEnglishLearningJapaneseImage.xcassets in Resources */ = {isa = PBXBuildFile; fileRef = D888DE832241142200D4A84F /* AIEnglishLearningJapaneseImage.xcassets */; };
/* End PBXBuildFile section */

/* Begin PBXContainerItemProxy section */
		D888DE56224088A200D4A84F /* PBXContainerItemProxy */ = {
			isa = PBXContainerItemProxy;
			containerPortal = D888DE35224088A100D4A84F /* Project object */;
			proxyType = 1;
			remoteGlobalIDString = D888DE3C224088A100D4A84F;
			remoteInfo = AIEnglishLearningJapaneseN1;
		};
		D888DE61224088A200D4A84F /* PBXContainerItemProxy */ = {
			isa = PBXContainerItemProxy;
			containerPortal = D888DE35224088A100D4A84F /* Project object */;
			proxyType = 1;
			remoteGlobalIDString = D888DE3C224088A100D4A84F;
			remoteInfo = AIEnglishLearningJapaneseN1;
		};
/* End PBXContainerItemProxy section */

/* Begin PBXFileReference section */
		5A56CFCF2B9E6CB3479F391D /* libPods-AIEnglishLearningJapaneseN1.a */ = {isa = PBXFileReference; explicitFileType = archive.ar; includeInIndex = 0; path = "libPods-AIEnglishLearningJapaneseN1.a"; sourceTree = BUILT_PRODUCTS_DIR; };
		5D62D27CA74B1799847240BF /* Pods-AIEnglishLearningJapaneseN1UITests.debug.xcconfig */ = {isa = PBXFileReference; includeInIndex = 1; lastKnownFileType = text.xcconfig; name = "Pods-AIEnglishLearningJapaneseN1UITests.debug.xcconfig"; path = "Pods/Target Support Files/Pods-AIEnglishLearningJapaneseN1UITests/Pods-AIEnglishLearningJapaneseN1UITests.debug.xcconfig"; sourceTree = "<group>"; };
		ADED57BFB7C6AEDB6BC3AA8B /* libPods-AIEnglishLearningJapaneseN1UITests.a */ = {isa = PBXFileReference; explicitFileType = archive.ar; includeInIndex = 0; path = "libPods-AIEnglishLearningJapaneseN1UITests.a"; sourceTree = BUILT_PRODUCTS_DIR; };
		B0FFBD3031CD1080E38DBC43 /* libPods-AIEnglishLearningJapaneseN1Tests.a */ = {isa = PBXFileReference; explicitFileType = archive.ar; includeInIndex = 0; path = "libPods-AIEnglishLearningJapaneseN1Tests.a"; sourceTree = BUILT_PRODUCTS_DIR; };
		B6C7D7009BDBFBC2A0256FD7 /* Pods-AIEnglishLearningJapaneseN1Tests.release.xcconfig */ = {isa = PBXFileReference; includeInIndex = 1; lastKnownFileType = text.xcconfig; name = "Pods-AIEnglishLearningJapaneseN1Tests.release.xcconfig"; path = "Pods/Target Support Files/Pods-AIEnglishLearningJapaneseN1Tests/Pods-AIEnglishLearningJapaneseN1Tests.release.xcconfig"; sourceTree = "<group>"; };
		C06BC25772D33ABF16F649F3 /* Pods-AIEnglishLearningJapaneseN1UITests.release.xcconfig */ = {isa = PBXFileReference; includeInIndex = 1; lastKnownFileType = text.xcconfig; name = "Pods-AIEnglishLearningJapaneseN1UITests.release.xcconfig"; path = "Pods/Target Support Files/Pods-AIEnglishLearningJapaneseN1UITests/Pods-AIEnglishLearningJapaneseN1UITests.release.xcconfig"; sourceTree = "<group>"; };
		C73254987833569F84BA7928 /* Pods-AIEnglishLearningJapaneseN1.release.xcconfig */ = {isa = PBXFileReference; includeInIndex = 1; lastKnownFileType = text.xcconfig; name = "Pods-AIEnglishLearningJapaneseN1.release.xcconfig"; path = "Pods/Target Support Files/Pods-AIEnglishLearningJapaneseN1/Pods-AIEnglishLearningJapaneseN1.release.xcconfig"; sourceTree = "<group>"; };
		D888DE3D224088A100D4A84F /* AIEnglishLearningJapaneseN1.app */ = {isa = PBXFileReference; explicitFileType = wrapper.application; includeInIndex = 0; path = AIEnglishLearningJapaneseN1.app; sourceTree = BUILT_PRODUCTS_DIR; };
		D888DE40224088A100D4A84F /* AppDelegate.h */ = {isa = PBXFileReference; lastKnownFileType = sourcecode.c.h; path = AppDelegate.h; sourceTree = "<group>"; };
		D888DE41224088A100D4A84F /* AppDelegate.m */ = {isa = PBXFileReference; lastKnownFileType = sourcecode.c.objc; path = AppDelegate.m; sourceTree = "<group>"; };
		D888DE49224088A200D4A84F /* Assets.xcassets */ = {isa = PBXFileReference; lastKnownFileType = folder.assetcatalog; path = Assets.xcassets; sourceTree = "<group>"; };
		D888DE4C224088A200D4A84F /* Base */ = {isa = PBXFileReference; lastKnownFileType = file.storyboard; name = Base; path = Base.lproj/LaunchScreen.storyboard; sourceTree = "<group>"; };
		D888DE4E224088A200D4A84F /* Info.plist */ = {isa = PBXFileReference; lastKnownFileType = text.plist.xml; path = Info.plist; sourceTree = "<group>"; };
		D888DE4F224088A200D4A84F /* main.m */ = {isa = PBXFileReference; lastKnownFileType = sourcecode.c.objc; path = main.m; sourceTree = "<group>"; };
		D888DE55224088A200D4A84F /* AIEnglishLearningJapaneseN1Tests.xctest */ = {isa = PBXFileReference; explicitFileType = wrapper.cfbundle; includeInIndex = 0; path = AIEnglishLearningJapaneseN1Tests.xctest; sourceTree = BUILT_PRODUCTS_DIR; };
		D888DE59224088A200D4A84F /* AIEnglishLearningJapaneseN1Tests.m */ = {isa = PBXFileReference; lastKnownFileType = sourcecode.c.objc; path = AIEnglishLearningJapaneseN1Tests.m; sourceTree = "<group>"; };
		D888DE5B224088A200D4A84F /* Info.plist */ = {isa = PBXFileReference; lastKnownFileType = text.plist.xml; path = Info.plist; sourceTree = "<group>"; };
		D888DE60224088A200D4A84F /* AIEnglishLearningJapaneseN1UITests.xctest */ = {isa = PBXFileReference; explicitFileType = wrapper.cfbundle; includeInIndex = 0; path = AIEnglishLearningJapaneseN1UITests.xctest; sourceTree = BUILT_PRODUCTS_DIR; };
		D888DE64224088A200D4A84F /* AIEnglishLearningJapaneseN1UITests.m */ = {isa = PBXFileReference; lastKnownFileType = sourcecode.c.objc; path = AIEnglishLearningJapaneseN1UITests.m; sourceTree = "<group>"; };
		D888DE66224088A200D4A84F /* Info.plist */ = {isa = PBXFileReference; lastKnownFileType = text.plist.xml; path = Info.plist; sourceTree = "<group>"; };
		D888DE742240894700D4A84F /* AIEnglishLearningJapaneseStudyWordViewController.h */ = {isa = PBXFileReference; lastKnownFileType = sourcecode.c.h; path = AIEnglishLearningJapaneseStudyWordViewController.h; sourceTree = "<group>"; };
		D888DE752240894700D4A84F /* AIEnglishLearningJapaneseStudyWordViewController.m */ = {isa = PBXFileReference; lastKnownFileType = sourcecode.c.objc; path = AIEnglishLearningJapaneseStudyWordViewController.m; sourceTree = "<group>"; };
		D888DE7722408A3F00D4A84F /* PrefixHeader.pch */ = {isa = PBXFileReference; lastKnownFileType = sourcecode.c.h; path = PrefixHeader.pch; sourceTree = "<group>"; };
		D888DE792240908C00D4A84F /* AIEnglishLearningJapaneseStudyWordCollectionViewCell.h */ = {isa = PBXFileReference; lastKnownFileType = sourcecode.c.h; path = AIEnglishLearningJapaneseStudyWordCollectionViewCell.h; sourceTree = "<group>"; };
		D888DE7A2240908C00D4A84F /* AIEnglishLearningJapaneseStudyWordCollectionViewCell.m */ = {isa = PBXFileReference; lastKnownFileType = sourcecode.c.objc; path = AIEnglishLearningJapaneseStudyWordCollectionViewCell.m; sourceTree = "<group>"; };
		D888DE7B2240908C00D4A84F /* AIEnglishLearningJapaneseStudyWordCollectionViewCell.xib */ = {isa = PBXFileReference; lastKnownFileType = file.xib; path = AIEnglishLearningJapaneseStudyWordCollectionViewCell.xib; sourceTree = "<group>"; };
		D888DE7E2240C36E00D4A84F /* AIEnglishLearningJapaneseStudyWordTableViewCell.h */ = {isa = PBXFileReference; lastKnownFileType = sourcecode.c.h; path = AIEnglishLearningJapaneseStudyWordTableViewCell.h; sourceTree = "<group>"; };
		D888DE7F2240C36E00D4A84F /* AIEnglishLearningJapaneseStudyWordTableViewCell.m */ = {isa = PBXFileReference; lastKnownFileType = sourcecode.c.objc; path = AIEnglishLearningJapaneseStudyWordTableViewCell.m; sourceTree = "<group>"; };
		D888DE802240C36E00D4A84F /* AIEnglishLearningJapaneseStudyWordTableViewCell.xib */ = {isa = PBXFileReference; lastKnownFileType = file.xib; path = AIEnglishLearningJapaneseStudyWordTableViewCell.xib; sourceTree = "<group>"; };
		D888DE832241142200D4A84F /* AIEnglishLearningJapaneseImage.xcassets */ = {isa = PBXFileReference; lastKnownFileType = folder.assetcatalog; path = AIEnglishLearningJapaneseImage.xcassets; sourceTree = "<group>"; };
		DC75972CA6414613F56ACCE0 /* Pods-AIEnglishLearningJapaneseN1.debug.xcconfig */ = {isa = PBXFileReference; includeInIndex = 1; lastKnownFileType = text.xcconfig; name = "Pods-AIEnglishLearningJapaneseN1.debug.xcconfig"; path = "Pods/Target Support Files/Pods-AIEnglishLearningJapaneseN1/Pods-AIEnglishLearningJapaneseN1.debug.xcconfig"; sourceTree = "<group>"; };
		E4D546A38FBA3F2D3293B554 /* Pods-AIEnglishLearningJapaneseN1Tests.debug.xcconfig */ = {isa = PBXFileReference; includeInIndex = 1; lastKnownFileType = text.xcconfig; name = "Pods-AIEnglishLearningJapaneseN1Tests.debug.xcconfig"; path = "Pods/Target Support Files/Pods-AIEnglishLearningJapaneseN1Tests/Pods-AIEnglishLearningJapaneseN1Tests.debug.xcconfig"; sourceTree = "<group>"; };
/* End PBXFileReference section */

/* Begin PBXFrameworksBuildPhase section */
		D888DE3A224088A100D4A84F /* Frameworks */ = {
			isa = PBXFrameworksBuildPhase;
			buildActionMask = 2147483647;
			files = (
				AFC0EBD88E4C96A740D120C8 /* libPods-AIEnglishLearningJapaneseN1.a in Frameworks */,
			);
			runOnlyForDeploymentPostprocessing = 0;
		};
		D888DE52224088A200D4A84F /* Frameworks */ = {
			isa = PBXFrameworksBuildPhase;
			buildActionMask = 2147483647;
			files = (
				3F67EBD5895A0C9CDE5D132A /* libPods-AIEnglishLearningJapaneseN1Tests.a in Frameworks */,
			);
			runOnlyForDeploymentPostprocessing = 0;
		};
		D888DE5D224088A200D4A84F /* Frameworks */ = {
			isa = PBXFrameworksBuildPhase;
			buildActionMask = 2147483647;
			files = (
				0BEBA0FE729099F1183D8B44 /* libPods-AIEnglishLearningJapaneseN1UITests.a in Frameworks */,
			);
			runOnlyForDeploymentPostprocessing = 0;
		};
/* End PBXFrameworksBuildPhase section */

/* Begin PBXGroup section */
		67C3A3B59974BA07D18E8E42 /* Frameworks */ = {
			isa = PBXGroup;
			children = (
				5A56CFCF2B9E6CB3479F391D /* libPods-AIEnglishLearningJapaneseN1.a */,
				B0FFBD3031CD1080E38DBC43 /* libPods-AIEnglishLearningJapaneseN1Tests.a */,
				ADED57BFB7C6AEDB6BC3AA8B /* libPods-AIEnglishLearningJapaneseN1UITests.a */,
			);
			name = Frameworks;
			sourceTree = "<group>";
		};
		94814F9708E0C512073C8307 /* Pods */ = {
			isa = PBXGroup;
			children = (
				DC75972CA6414613F56ACCE0 /* Pods-AIEnglishLearningJapaneseN1.debug.xcconfig */,
				C73254987833569F84BA7928 /* Pods-AIEnglishLearningJapaneseN1.release.xcconfig */,
				E4D546A38FBA3F2D3293B554 /* Pods-AIEnglishLearningJapaneseN1Tests.debug.xcconfig */,
				B6C7D7009BDBFBC2A0256FD7 /* Pods-AIEnglishLearningJapaneseN1Tests.release.xcconfig */,
				5D62D27CA74B1799847240BF /* Pods-AIEnglishLearningJapaneseN1UITests.debug.xcconfig */,
				C06BC25772D33ABF16F649F3 /* Pods-AIEnglishLearningJapaneseN1UITests.release.xcconfig */,
			);
			name = Pods;
			sourceTree = "<group>";
		};
		D888DE34224088A100D4A84F = {
			isa = PBXGroup;
			children = (
				D888DE3F224088A100D4A84F /* AIEnglishLearningJapaneseN1 */,
				D888DE58224088A200D4A84F /* AIEnglishLearningJapaneseN1Tests */,
				D888DE63224088A200D4A84F /* AIEnglishLearningJapaneseN1UITests */,
				D888DE3E224088A100D4A84F /* Products */,
				94814F9708E0C512073C8307 /* Pods */,
				67C3A3B59974BA07D18E8E42 /* Frameworks */,
			);
			sourceTree = "<group>";
		};
		D888DE3E224088A100D4A84F /* Products */ = {
			isa = PBXGroup;
			children = (
				D888DE3D224088A100D4A84F /* AIEnglishLearningJapaneseN1.app */,
				D888DE55224088A200D4A84F /* AIEnglishLearningJapaneseN1Tests.xctest */,
				D888DE60224088A200D4A84F /* AIEnglishLearningJapaneseN1UITests.xctest */,
			);
			name = Products;
			sourceTree = "<group>";
		};
		D888DE3F224088A100D4A84F /* AIEnglishLearningJapaneseN1 */ = {
			isa = PBXGroup;
			children = (
				D888DE72224088C800D4A84F /* 单词 */,
				D888DE40224088A100D4A84F /* AppDelegate.h */,
				D888DE41224088A100D4A84F /* AppDelegate.m */,
				D888DE49224088A200D4A84F /* Assets.xcassets */,
				D888DE4B224088A200D4A84F /* LaunchScreen.storyboard */,
				D888DE4E224088A200D4A84F /* Info.plist */,
				D888DE4F224088A200D4A84F /* main.m */,
				D888DE7722408A3F00D4A84F /* PrefixHeader.pch */,
				D888DE832241142200D4A84F /* AIEnglishLearningJapaneseImage.xcassets */,
			);
			path = AIEnglishLearningJapaneseN1;
			sourceTree = "<group>";
		};
		D888DE58224088A200D4A84F /* AIEnglishLearningJapaneseN1Tests */ = {
			isa = PBXGroup;
			children = (
				D888DE59224088A200D4A84F /* AIEnglishLearningJapaneseN1Tests.m */,
				D888DE5B224088A200D4A84F /* Info.plist */,
			);
			path = AIEnglishLearningJapaneseN1Tests;
			sourceTree = "<group>";
		};
		D888DE63224088A200D4A84F /* AIEnglishLearningJapaneseN1UITests */ = {
			isa = PBXGroup;
			children = (
				D888DE64224088A200D4A84F /* AIEnglishLearningJapaneseN1UITests.m */,
				D888DE66224088A200D4A84F /* Info.plist */,
			);
			path = AIEnglishLearningJapaneseN1UITests;
			sourceTree = "<group>";
		};
		D888DE72224088C800D4A84F /* 单词 */ = {
			isa = PBXGroup;
			children = (
				D888DE7822408ECB00D4A84F /* View */,
				D888DE73224088D000D4A84F /* Controller */,
			);
			path = "单词";
			sourceTree = "<group>";
		};
		D888DE73224088D000D4A84F /* Controller */ = {
			isa = PBXGroup;
			children = (
				D888DE742240894700D4A84F /* AIEnglishLearningJapaneseStudyWordViewController.h */,
				D888DE752240894700D4A84F /* AIEnglishLearningJapaneseStudyWordViewController.m */,
			);
			path = Controller;
			sourceTree = "<group>";
		};
		D888DE7822408ECB00D4A84F /* View */ = {
			isa = PBXGroup;
			children = (
				D888DE792240908C00D4A84F /* AIEnglishLearningJapaneseStudyWordCollectionViewCell.h */,
				D888DE7A2240908C00D4A84F /* AIEnglishLearningJapaneseStudyWordCollectionViewCell.m */,
				D888DE7B2240908C00D4A84F /* AIEnglishLearningJapaneseStudyWordCollectionViewCell.xib */,
				D888DE7E2240C36E00D4A84F /* AIEnglishLearningJapaneseStudyWordTableViewCell.h */,
				D888DE7F2240C36E00D4A84F /* AIEnglishLearningJapaneseStudyWordTableViewCell.m */,
				D888DE802240C36E00D4A84F /* AIEnglishLearningJapaneseStudyWordTableViewCell.xib */,
			);
			path = View;
			sourceTree = "<group>";
		};
/* End PBXGroup section */

/* Begin PBXNativeTarget section */
		D888DE3C224088A100D4A84F /* AIEnglishLearningJapaneseN1 */ = {
			isa = PBXNativeTarget;
			buildConfigurationList = D888DE69224088A200D4A84F /* Build configuration list for PBXNativeTarget "AIEnglishLearningJapaneseN1" */;
			buildPhases = (
				3AB78DCC158B682B15B9E28A /* [CP] Check Pods Manifest.lock */,
				D888DE39224088A100D4A84F /* Sources */,
				D888DE3A224088A100D4A84F /* Frameworks */,
				D888DE3B224088A100D4A84F /* Resources */,
			);
			buildRules = (
			);
			dependencies = (
			);
			name = AIEnglishLearningJapaneseN1;
			productName = AIEnglishLearningJapaneseN1;
			productReference = D888DE3D224088A100D4A84F /* AIEnglishLearningJapaneseN1.app */;
			productType = "com.apple.product-type.application";
		};
		D888DE54224088A200D4A84F /* AIEnglishLearningJapaneseN1Tests */ = {
			isa = PBXNativeTarget;
			buildConfigurationList = D888DE6C224088A200D4A84F /* Build configuration list for PBXNativeTarget "AIEnglishLearningJapaneseN1Tests" */;
			buildPhases = (
				EC8FAEDDBB270CE95CD1BEA3 /* [CP] Check Pods Manifest.lock */,
				D888DE51224088A200D4A84F /* Sources */,
				D888DE52224088A200D4A84F /* Frameworks */,
				D888DE53224088A200D4A84F /* Resources */,
			);
			buildRules = (
			);
			dependencies = (
				D888DE57224088A200D4A84F /* PBXTargetDependency */,
			);
			name = AIEnglishLearningJapaneseN1Tests;
			productName = AIEnglishLearningJapaneseN1Tests;
			productReference = D888DE55224088A200D4A84F /* AIEnglishLearningJapaneseN1Tests.xctest */;
			productType = "com.apple.product-type.bundle.unit-test";
		};
		D888DE5F224088A200D4A84F /* AIEnglishLearningJapaneseN1UITests */ = {
			isa = PBXNativeTarget;
			buildConfigurationList = D888DE6F224088A200D4A84F /* Build configuration list for PBXNativeTarget "AIEnglishLearningJapaneseN1UITests" */;
			buildPhases = (
				DEDA23FCB1AF1FA4BA571FAB /* [CP] Check Pods Manifest.lock */,
				D888DE5C224088A200D4A84F /* Sources */,
				D888DE5D224088A200D4A84F /* Frameworks */,
				D888DE5E224088A200D4A84F /* Resources */,
			);
			buildRules = (
			);
			dependencies = (
				D888DE62224088A200D4A84F /* PBXTargetDependency */,
			);
			name = AIEnglishLearningJapaneseN1UITests;
			productName = AIEnglishLearningJapaneseN1UITests;
			productReference = D888DE60224088A200D4A84F /* AIEnglishLearningJapaneseN1UITests.xctest */;
			productType = "com.apple.product-type.bundle.ui-testing";
		};
/* End PBXNativeTarget section */

/* Begin PBXProject section */
		D888DE35224088A100D4A84F /* Project object */ = {
			isa = PBXProject;
			attributes = {
				CLASSPREFIX = AIEnglishLearningJapanese;
				LastUpgradeCheck = 1010;
				ORGANIZATIONNAME = AIEnglishLearningJapanese;
				TargetAttributes = {
					D888DE3C224088A100D4A84F = {
						CreatedOnToolsVersion = 10.1;
					};
					D888DE54224088A200D4A84F = {
						CreatedOnToolsVersion = 10.1;
						TestTargetID = D888DE3C224088A100D4A84F;
					};
					D888DE5F224088A200D4A84F = {
						CreatedOnToolsVersion = 10.1;
						TestTargetID = D888DE3C224088A100D4A84F;
					};
				};
			};
			buildConfigurationList = D888DE38224088A100D4A84F /* Build configuration list for PBXProject "AIEnglishLearningJapaneseN1" */;
			compatibilityVersion = "Xcode 9.3";
			developmentRegion = en;
			hasScannedForEncodings = 0;
			knownRegions = (
				en,
				Base,
			);
			mainGroup = D888DE34224088A100D4A84F;
			productRefGroup = D888DE3E224088A100D4A84F /* Products */;
			projectDirPath = "";
			projectRoot = "";
			targets = (
				D888DE3C224088A100D4A84F /* AIEnglishLearningJapaneseN1 */,
				D888DE54224088A200D4A84F /* AIEnglishLearningJapaneseN1Tests */,
				D888DE5F224088A200D4A84F /* AIEnglishLearningJapaneseN1UITests */,
			);
		};
/* End PBXProject section */

/* Begin PBXResourcesBuildPhase section */
		D888DE3B224088A100D4A84F /* Resources */ = {
			isa = PBXResourcesBuildPhase;
			buildActionMask = 2147483647;
			files = (
				D888DE7D2240908C00D4A84F /* AIEnglishLearningJapaneseStudyWordCollectionViewCell.xib in Resources */,
				D888DE4D224088A200D4A84F /* LaunchScreen.storyboard in Resources */,
				D888DE4A224088A200D4A84F /* Assets.xcassets in Resources */,
				D888DE822240C36E00D4A84F /* AIEnglishLearningJapaneseStudyWordTableViewCell.xib in Resources */,
				D888DE842241142200D4A84F /* AIEnglishLearningJapaneseImage.xcassets in Resources */,
			);
			runOnlyForDeploymentPostprocessing = 0;
		};
		D888DE53224088A200D4A84F /* Resources */ = {
			isa = PBXResourcesBuildPhase;
			buildActionMask = 2147483647;
			files = (
			);
			runOnlyForDeploymentPostprocessing = 0;
		};
		D888DE5E224088A200D4A84F /* Resources */ = {
			isa = PBXResourcesBuildPhase;
			buildActionMask = 2147483647;
			files = (
			);
			runOnlyForDeploymentPostprocessing = 0;
		};
/* End PBXResourcesBuildPhase section */

/* Begin PBXShellScriptBuildPhase section */
		3AB78DCC158B682B15B9E28A /* [CP] Check Pods Manifest.lock */ = {
			isa = PBXShellScriptBuildPhase;
			buildActionMask = 2147483647;
			files = (
			);
			inputPaths = (
				"${PODS_PODFILE_DIR_PATH}/Podfile.lock",
				"${PODS_ROOT}/Manifest.lock",
			);
			name = "[CP] Check Pods Manifest.lock";
			outputPaths = (
				"$(DERIVED_FILE_DIR)/Pods-AIEnglishLearningJapaneseN1-checkManifestLockResult.txt",
			);
			runOnlyForDeploymentPostprocessing = 0;
			shellPath = /bin/sh;
			shellScript = "diff \"${PODS_PODFILE_DIR_PATH}/Podfile.lock\" \"${PODS_ROOT}/Manifest.lock\" > /dev/null\nif [ $? != 0 ] ; then\n    # print error to STDERR\n    echo \"error: The sandbox is not in sync with the Podfile.lock. Run 'pod install' or update your CocoaPods installation.\" >&2\n    exit 1\nfi\n# This output is used by Xcode 'outputs' to avoid re-running this script phase.\necho \"SUCCESS\" > \"${SCRIPT_OUTPUT_FILE_0}\"\n";
			showEnvVarsInLog = 0;
		};
		DEDA23FCB1AF1FA4BA571FAB /* [CP] Check Pods Manifest.lock */ = {
			isa = PBXShellScriptBuildPhase;
			buildActionMask = 2147483647;
			files = (
			);
			inputPaths = (
				"${PODS_PODFILE_DIR_PATH}/Podfile.lock",
				"${PODS_ROOT}/Manifest.lock",
			);
			name = "[CP] Check Pods Manifest.lock";
			outputPaths = (
				"$(DERIVED_FILE_DIR)/Pods-AIEnglishLearningJapaneseN1UITests-checkManifestLockResult.txt",
			);
			runOnlyForDeploymentPostprocessing = 0;
			shellPath = /bin/sh;
			shellScript = "diff \"${PODS_PODFILE_DIR_PATH}/Podfile.lock\" \"${PODS_ROOT}/Manifest.lock\" > /dev/null\nif [ $? != 0 ] ; then\n    # print error to STDERR\n    echo \"error: The sandbox is not in sync with the Podfile.lock. Run 'pod install' or update your CocoaPods installation.\" >&2\n    exit 1\nfi\n# This output is used by Xcode 'outputs' to avoid re-running this script phase.\necho \"SUCCESS\" > \"${SCRIPT_OUTPUT_FILE_0}\"\n";
			showEnvVarsInLog = 0;
		};
		EC8FAEDDBB270CE95CD1BEA3 /* [CP] Check Pods Manifest.lock */ = {
			isa = PBXShellScriptBuildPhase;
			buildActionMask = 2147483647;
			files = (
			);
			inputPaths = (
				"${PODS_PODFILE_DIR_PATH}/Podfile.lock",
				"${PODS_ROOT}/Manifest.lock",
			);
			name = "[CP] Check Pods Manifest.lock";
			outputPaths = (
				"$(DERIVED_FILE_DIR)/Pods-AIEnglishLearningJapaneseN1Tests-checkManifestLockResult.txt",
			);
			runOnlyForDeploymentPostprocessing = 0;
			shellPath = /bin/sh;
			shellScript = "diff \"${PODS_PODFILE_DIR_PATH}/Podfile.lock\" \"${PODS_ROOT}/Manifest.lock\" > /dev/null\nif [ $? != 0 ] ; then\n    # print error to STDERR\n    echo \"error: The sandbox is not in sync with the Podfile.lock. Run 'pod install' or update your CocoaPods installation.\" >&2\n    exit 1\nfi\n# This output is used by Xcode 'outputs' to avoid re-running this script phase.\necho \"SUCCESS\" > \"${SCRIPT_OUTPUT_FILE_0}\"\n";
			showEnvVarsInLog = 0;
		};
/* End PBXShellScriptBuildPhase section */

/* Begin PBXSourcesBuildPhase section */
		D888DE39224088A100D4A84F /* Sources */ = {
			isa = PBXSourcesBuildPhase;
			buildActionMask = 2147483647;
			files = (
				D888DE7C2240908C00D4A84F /* AIEnglishLearningJapaneseStudyWordCollectionViewCell.m in Sources */,
				D888DE50224088A200D4A84F /* main.m in Sources */,
				D888DE812240C36E00D4A84F /* AIEnglishLearningJapaneseStudyWordTableViewCell.m in Sources */,
				D888DE762240894700D4A84F /* AIEnglishLearningJapaneseStudyWordViewController.m in Sources */,
				D888DE42224088A100D4A84F /* AppDelegate.m in Sources */,
			);
			runOnlyForDeploymentPostprocessing = 0;
		};
		D888DE51224088A200D4A84F /* Sources */ = {
			isa = PBXSourcesBuildPhase;
			buildActionMask = 2147483647;
			files = (
				D888DE5A224088A200D4A84F /* AIEnglishLearningJapaneseN1Tests.m in Sources */,
			);
			runOnlyForDeploymentPostprocessing = 0;
		};
		D888DE5C224088A200D4A84F /* Sources */ = {
			isa = PBXSourcesBuildPhase;
			buildActionMask = 2147483647;
			files = (
				D888DE65224088A200D4A84F /* AIEnglishLearningJapaneseN1UITests.m in Sources */,
			);
			runOnlyForDeploymentPostprocessing = 0;
		};
/* End PBXSourcesBuildPhase section */

/* Begin PBXTargetDependency section */
		D888DE57224088A200D4A84F /* PBXTargetDependency */ = {
			isa = PBXTargetDependency;
			target = D888DE3C224088A100D4A84F /* AIEnglishLearningJapaneseN1 */;
			targetProxy = D888DE56224088A200D4A84F /* PBXContainerItemProxy */;
		};
		D888DE62224088A200D4A84F /* PBXTargetDependency */ = {
			isa = PBXTargetDependency;
			target = D888DE3C224088A100D4A84F /* AIEnglishLearningJapaneseN1 */;
			targetProxy = D888DE61224088A200D4A84F /* PBXContainerItemProxy */;
		};
/* End PBXTargetDependency section */

/* Begin PBXVariantGroup section */
		D888DE4B224088A200D4A84F /* LaunchScreen.storyboard */ = {
			isa = PBXVariantGroup;
			children = (
				D888DE4C224088A200D4A84F /* Base */,
			);
			name = LaunchScreen.storyboard;
			sourceTree = "<group>";
		};
/* End PBXVariantGroup section */

/* Begin XCBuildConfiguration section */
		D888DE67224088A200D4A84F /* Debug */ = {
			isa = XCBuildConfiguration;
			buildSettings = {
				ALWAYS_SEARCH_USER_PATHS = NO;
				CLANG_ANALYZER_NONNULL = YES;
				CLANG_ANALYZER_NUMBER_OBJECT_CONVERSION = YES_AGGRESSIVE;
				CLANG_CXX_LANGUAGE_STANDARD = "gnu++14";
				CLANG_CXX_LIBRARY = "libc++";
				CLANG_ENABLE_MODULES = YES;
				CLANG_ENABLE_OBJC_ARC = YES;
				CLANG_ENABLE_OBJC_WEAK = YES;
				CLANG_WARN_BLOCK_CAPTURE_AUTORELEASING = YES;
				CLANG_WARN_BOOL_CONVERSION = YES;
				CLANG_WARN_COMMA = YES;
				CLANG_WARN_CONSTANT_CONVERSION = YES;
				CLANG_WARN_DEPRECATED_OBJC_IMPLEMENTATIONS = YES;
				CLANG_WARN_DIRECT_OBJC_ISA_USAGE = YES_ERROR;
				CLANG_WARN_DOCUMENTATION_COMMENTS = YES;
				CLANG_WARN_EMPTY_BODY = YES;
				CLANG_WARN_ENUM_CONVERSION = YES;
				CLANG_WARN_INFINITE_RECURSION = YES;
				CLANG_WARN_INT_CONVERSION = YES;
				CLANG_WARN_NON_LITERAL_NULL_CONVERSION = YES;
				CLANG_WARN_OBJC_IMPLICIT_RETAIN_SELF = YES;
				CLANG_WARN_OBJC_LITERAL_CONVERSION = YES;
				CLANG_WARN_OBJC_ROOT_CLASS = YES_ERROR;
				CLANG_WARN_RANGE_LOOP_ANALYSIS = YES;
				CLANG_WARN_STRICT_PROTOTYPES = YES;
				CLANG_WARN_SUSPICIOUS_MOVE = YES;
				CLANG_WARN_UNGUARDED_AVAILABILITY = YES_AGGRESSIVE;
				CLANG_WARN_UNREACHABLE_CODE = YES;
				CLANG_WARN__DUPLICATE_METHOD_MATCH = YES;
				CODE_SIGN_IDENTITY = "iPhone Developer";
				COPY_PHASE_STRIP = NO;
				DEBUG_INFORMATION_FORMAT = dwarf;
				ENABLE_STRICT_OBJC_MSGSEND = YES;
				ENABLE_TESTABILITY = YES;
				GCC_C_LANGUAGE_STANDARD = gnu11;
				GCC_DYNAMIC_NO_PIC = NO;
				GCC_NO_COMMON_BLOCKS = YES;
				GCC_OPTIMIZATION_LEVEL = 0;
				GCC_PREPROCESSOR_DEFINITIONS = (
					"DEBUG=1",
					"$(inherited)",
				);
				GCC_WARN_64_TO_32_BIT_CONVERSION = YES;
				GCC_WARN_ABOUT_RETURN_TYPE = YES_ERROR;
				GCC_WARN_UNDECLARED_SELECTOR = YES;
				GCC_WARN_UNINITIALIZED_AUTOS = YES_AGGRESSIVE;
				GCC_WARN_UNUSED_FUNCTION = YES;
				GCC_WARN_UNUSED_VARIABLE = YES;
				IPHONEOS_DEPLOYMENT_TARGET = 12.1;
				MTL_ENABLE_DEBUG_INFO = INCLUDE_SOURCE;
				MTL_FAST_MATH = YES;
				ONLY_ACTIVE_ARCH = YES;
				SDKROOT = iphoneos;
			};
			name = Debug;
		};
		D888DE68224088A200D4A84F /* Release */ = {
			isa = XCBuildConfiguration;
			buildSettings = {
				ALWAYS_SEARCH_USER_PATHS = NO;
				CLANG_ANALYZER_NONNULL = YES;
				CLANG_ANALYZER_NUMBER_OBJECT_CONVERSION = YES_AGGRESSIVE;
				CLANG_CXX_LANGUAGE_STANDARD = "gnu++14";
				CLANG_CXX_LIBRARY = "libc++";
				CLANG_ENABLE_MODULES = YES;
				CLANG_ENABLE_OBJC_ARC = YES;
				CLANG_ENABLE_OBJC_WEAK = YES;
				CLANG_WARN_BLOCK_CAPTURE_AUTORELEASING = YES;
				CLANG_WARN_BOOL_CONVERSION = YES;
				CLANG_WARN_COMMA = YES;
				CLANG_WARN_CONSTANT_CONVERSION = YES;
				CLANG_WARN_DEPRECATED_OBJC_IMPLEMENTATIONS = YES;
				CLANG_WARN_DIRECT_OBJC_ISA_USAGE = YES_ERROR;
				CLANG_WARN_DOCUMENTATION_COMMENTS = YES;
				CLANG_WARN_EMPTY_BODY = YES;
				CLANG_WARN_ENUM_CONVERSION = YES;
				CLANG_WARN_INFINITE_RECURSION = YES;
				CLANG_WARN_INT_CONVERSION = YES;
				CLANG_WARN_NON_LITERAL_NULL_CONVERSION = YES;
				CLANG_WARN_OBJC_IMPLICIT_RETAIN_SELF = YES;
				CLANG_WARN_OBJC_LITERAL_CONVERSION = YES;
				CLANG_WARN_OBJC_ROOT_CLASS = YES_ERROR;
				CLANG_WARN_RANGE_LOOP_ANALYSIS = YES;
				CLANG_WARN_STRICT_PROTOTYPES = YES;
				CLANG_WARN_SUSPICIOUS_MOVE = YES;
				CLANG_WARN_UNGUARDED_AVAILABILITY = YES_AGGRESSIVE;
				CLANG_WARN_UNREACHABLE_CODE = YES;
				CLANG_WARN__DUPLICATE_METHOD_MATCH = YES;
				CODE_SIGN_IDENTITY = "iPhone Developer";
				COPY_PHASE_STRIP = NO;
				DEBUG_INFORMATION_FORMAT = "dwarf-with-dsym";
				ENABLE_NS_ASSERTIONS = NO;
				ENABLE_STRICT_OBJC_MSGSEND = YES;
				GCC_C_LANGUAGE_STANDARD = gnu11;
				GCC_NO_COMMON_BLOCKS = YES;
				GCC_WARN_64_TO_32_BIT_CONVERSION = YES;
				GCC_WARN_ABOUT_RETURN_TYPE = YES_ERROR;
				GCC_WARN_UNDECLARED_SELECTOR = YES;
				GCC_WARN_UNINITIALIZED_AUTOS = YES_AGGRESSIVE;
				GCC_WARN_UNUSED_FUNCTION = YES;
				GCC_WARN_UNUSED_VARIABLE = YES;
				IPHONEOS_DEPLOYMENT_TARGET = 12.1;
				MTL_ENABLE_DEBUG_INFO = NO;
				MTL_FAST_MATH = YES;
				SDKROOT = iphoneos;
				VALIDATE_PRODUCT = YES;
			};
			name = Release;
		};
		D888DE6A224088A200D4A84F /* Debug */ = {
			isa = XCBuildConfiguration;
			baseConfigurationReference = DC75972CA6414613F56ACCE0 /* Pods-AIEnglishLearningJapaneseN1.debug.xcconfig */;
			buildSettings = {
				ASSETCATALOG_COMPILER_APPICON_NAME = AppIcon;
				CODE_SIGN_STYLE = Automatic;
				DEVELOPMENT_TEAM = HJJ6ZD3AHP;
				GCC_PRECOMPILE_PREFIX_HEADER = YES;
				GCC_PREFIX_HEADER = AIEnglishLearningJapaneseN1/PrefixHeader.pch;
				INFOPLIST_FILE = AIEnglishLearningJapaneseN1/Info.plist;
				IPHONEOS_DEPLOYMENT_TARGET = 8.0;
				LD_RUNPATH_SEARCH_PATHS = (
					"$(inherited)",
					"@executable_path/Frameworks",
				);
				PRODUCT_BUNDLE_IDENTIFIER = com.AI.AIEnglishLearningJapaneseN1;
				PRODUCT_NAME = "$(TARGET_NAME)";
				TARGETED_DEVICE_FAMILY = "1,2";
			};
			name = Debug;
		};
		D888DE6B224088A200D4A84F /* Release */ = {
			isa = XCBuildConfiguration;
			baseConfigurationReference = C73254987833569F84BA7928 /* Pods-AIEnglishLearningJapaneseN1.release.xcconfig */;
			buildSettings = {
				ASSETCATALOG_COMPILER_APPICON_NAME = AppIcon;
				CODE_SIGN_STYLE = Automatic;
				DEVELOPMENT_TEAM = HJJ6ZD3AHP;
				GCC_PRECOMPILE_PREFIX_HEADER = YES;
				GCC_PREFIX_HEADER = AIEnglishLearningJapaneseN1/PrefixHeader.pch;
				INFOPLIST_FILE = AIEnglishLearningJapaneseN1/Info.plist;
				IPHONEOS_DEPLOYMENT_TARGET = 8.0;
				LD_RUNPATH_SEARCH_PATHS = (
					"$(inherited)",
					"@executable_path/Frameworks",
				);
				PRODUCT_BUNDLE_IDENTIFIER = com.AI.AIEnglishLearningJapaneseN1;
				PRODUCT_NAME = "$(TARGET_NAME)";
				TARGETED_DEVICE_FAMILY = "1,2";
			};
			name = Release;
		};
		D888DE6D224088A200D4A84F /* Debug */ = {
			isa = XCBuildConfiguration;
			baseConfigurationReference = E4D546A38FBA3F2D3293B554 /* Pods-AIEnglishLearningJapaneseN1Tests.debug.xcconfig */;
			buildSettings = {
				BUNDLE_LOADER = "$(TEST_HOST)";
				CODE_SIGN_STYLE = Automatic;
				DEVELOPMENT_TEAM = 5GK4X7V47C;
				INFOPLIST_FILE = AIEnglishLearningJapaneseN1Tests/Info.plist;
				LD_RUNPATH_SEARCH_PATHS = (
					"$(inherited)",
					"@executable_path/Frameworks",
					"@loader_path/Frameworks",
				);
				PRODUCT_BUNDLE_IDENTIFIER = com.AI.AIEnglishLearningJapaneseN1Tests;
				PRODUCT_NAME = "$(TARGET_NAME)";
				TARGETED_DEVICE_FAMILY = "1,2";
				TEST_HOST = "$(BUILT_PRODUCTS_DIR)/AIEnglishLearningJapaneseN1.app/AIEnglishLearningJapaneseN1";
			};
			name = Debug;
		};
		D888DE6E224088A200D4A84F /* Release */ = {
			isa = XCBuildConfiguration;
			baseConfigurationReference = B6C7D7009BDBFBC2A0256FD7 /* Pods-AIEnglishLearningJapaneseN1Tests.release.xcconfig */;
			buildSettings = {
				BUNDLE_LOADER = "$(TEST_HOST)";
				CODE_SIGN_STYLE = Automatic;
				DEVELOPMENT_TEAM = 5GK4X7V47C;
				INFOPLIST_FILE = AIEnglishLearningJapaneseN1Tests/Info.plist;
				LD_RUNPATH_SEARCH_PATHS = (
					"$(inherited)",
					"@executable_path/Frameworks",
					"@loader_path/Frameworks",
				);
				PRODUCT_BUNDLE_IDENTIFIER = com.AI.AIEnglishLearningJapaneseN1Tests;
				PRODUCT_NAME = "$(TARGET_NAME)";
				TARGETED_DEVICE_FAMILY = "1,2";
				TEST_HOST = "$(BUILT_PRODUCTS_DIR)/AIEnglishLearningJapaneseN1.app/AIEnglishLearningJapaneseN1";
			};
			name = Release;
		};
		D888DE70224088A200D4A84F /* Debug */ = {
			isa = XCBuildConfiguration;
			baseConfigurationReference = 5D62D27CA74B1799847240BF /* Pods-AIEnglishLearningJapaneseN1UITests.debug.xcconfig */;
			buildSettings = {
				CODE_SIGN_STYLE = Automatic;
				DEVELOPMENT_TEAM = 5GK4X7V47C;
				INFOPLIST_FILE = AIEnglishLearningJapaneseN1UITests/Info.plist;
				LD_RUNPATH_SEARCH_PATHS = (
					"$(inherited)",
					"@executable_path/Frameworks",
					"@loader_path/Frameworks",
				);
				PRODUCT_BUNDLE_IDENTIFIER = com.AI.AIEnglishLearningJapaneseN1UITests;
				PRODUCT_NAME = "$(TARGET_NAME)";
				TARGETED_DEVICE_FAMILY = "1,2";
				TEST_TARGET_NAME = AIEnglishLearningJapaneseN1;
			};
			name = Debug;
		};
		D888DE71224088A200D4A84F /* Release */ = {
			isa = XCBuildConfiguration;
			baseConfigurationReference = C06BC25772D33ABF16F649F3 /* Pods-AIEnglishLearningJapaneseN1UITests.release.xcconfig */;
			buildSettings = {
				CODE_SIGN_STYLE = Automatic;
				DEVELOPMENT_TEAM = 5GK4X7V47C;
				INFOPLIST_FILE = AIEnglishLearningJapaneseN1UITests/Info.plist;
				LD_RUNPATH_SEARCH_PATHS = (
					"$(inherited)",
					"@executable_path/Frameworks",
					"@loader_path/Frameworks",
				);
				PRODUCT_BUNDLE_IDENTIFIER = com.AI.AIEnglishLearningJapaneseN1UITests;
				PRODUCT_NAME = "$(TARGET_NAME)";
				TARGETED_DEVICE_FAMILY = "1,2";
				TEST_TARGET_NAME = AIEnglishLearningJapaneseN1;
			};
			name = Release;
		};
/* End XCBuildConfiguration section */

/* Begin XCConfigurationList section */
		D888DE38224088A100D4A84F /* Build configuration list for PBXProject "AIEnglishLearningJapaneseN1" */ = {
			isa = XCConfigurationList;
			buildConfigurations = (
				D888DE67224088A200D4A84F /* Debug */,
				D888DE68224088A200D4A84F /* Release */,
			);
			defaultConfigurationIsVisible = 0;
			defaultConfigurationName = Release;
		};
		D888DE69224088A200D4A84F /* Build configuration list for PBXNativeTarget "AIEnglishLearningJapaneseN1" */ = {
			isa = XCConfigurationList;
			buildConfigurations = (
				D888DE6A224088A200D4A84F /* Debug */,
				D888DE6B224088A200D4A84F /* Release */,
			);
			defaultConfigurationIsVisible = 0;
			defaultConfigurationName = Release;
		};
		D888DE6C224088A200D4A84F /* Build configuration list for PBXNativeTarget "AIEnglishLearningJapaneseN1Tests" */ = {
			isa = XCConfigurationList;
			buildConfigurations = (
				D888DE6D224088A200D4A84F /* Debug */,
				D888DE6E224088A200D4A84F /* Release */,
			);
			defaultConfigurationIsVisible = 0;
			defaultConfigurationName = Release;
		};
		D888DE6F224088A200D4A84F /* Build configuration list for PBXNativeTarget "AIEnglishLearningJapaneseN1UITests" */ = {
			isa = XCConfigurationList;
			buildConfigurations = (
				D888DE70224088A200D4A84F /* Debug */,
				D888DE71224088A200D4A84F /* Release */,
			);
			defaultConfigurationIsVisible = 0;
			defaultConfigurationName = Release;
		};
/* End XCConfigurationList section */
	};
	rootObject = D888DE35224088A100D4A84F /* Project object */;
}
